# THIS IS AN AUTOGENERATED FILE. DO NOT EDIT THIS FILE DIRECTLY.
# yarn lockfile v1


primeflex@^3.3.0:
  version "3.3.0"
  resolved "https://registry.yarnpkg.com/primeflex/-/primeflex-3.3.0.tgz#6c755230ddf30c8fffed9f817efed28d5fe2bdff"
  integrity sha512-4hvyIO7lERN5bnyURn67Qpozghins8Jq/GSXO6tymc3oa2ADHWuiYBti8ZptPwHu+uD/HTEisS26NEmeIGfPZQ==
